// !$*UTF8*$!
{
	archiveVersion = 1;
	classes = {
	};
	objectVersion = 56;
	objects = {

/* Begin PBXBuildFile section */
		1A54ED7E79A0A8AD6DD091DF /* Pods_Pomodoro.framework in Frameworks */ = {isa = PBXBuildFile; fileRef = B66B2228D54522E2A48A9668 /* Pods_Pomodoro.framework */; };
		311FE7A428CC8F90003D7E3D /* SplashScreenView.swift in Sources */ = {isa = PBXBuildFile; fileRef = 311FE7A328CC8F90003D7E3D /* SplashScreenView.swift */; };
		311FE7A628CCB07A003D7E3D /* UIDevice+Extension.swift in Sources */ = {isa = PBXBuildFile; fileRef = 311FE7A528CCB07A003D7E3D /* UIDevice+Extension.swift */; };
		3130E46728AC11B1009D6C5D /* Helpers.swift in Sources */ = {isa = PBXBuildFile; fileRef = 3130E46628AC11B1009D6C5D /* Helpers.swift */; };
		3130E46928AC121C009D6C5D /* NotificationPublisher.swift in Sources */ = {isa = PBXBuildFile; fileRef = 3130E46828AC121C009D6C5D /* NotificationPublisher.swift */; };
		314546A228CFC22000FD613A /* AlertToast in Frameworks */ = {isa = PBXBuildFile; productRef = 314546A128CFC22000FD613A /* AlertToast */; };
		315007E128D0FBC400FEB8E4 /* GoogleService-Info.plist in Resources */ = {isa = PBXBuildFile; fileRef = 315007E028D0FBC400FEB8E4 /* GoogleService-Info.plist */; };
		315B242528C936BE00F1C6F9 /* NewGoalView.swift in Sources */ = {isa = PBXBuildFile; fileRef = 315B242428C936BE00F1C6F9 /* NewGoalView.swift */; };
		315B242728C936C600F1C6F9 /* NewSubjectView.swift in Sources */ = {isa = PBXBuildFile; fileRef = 315B242628C936C600F1C6F9 /* NewSubjectView.swift */; };
		315B242A28C93A0B00F1C6F9 /* UserDefaults+Extension.swift in Sources */ = {isa = PBXBuildFile; fileRef = 315B242928C93A0B00F1C6F9 /* UserDefaults+Extension.swift */; };
		315B242C28C9419900F1C6F9 /* UIColor+Extension.swift in Sources */ = {isa = PBXBuildFile; fileRef = 315B242B28C9419900F1C6F9 /* UIColor+Extension.swift */; };
		315BC94D28C7DA5400E202B7 /* Subject+Goal.swift in Sources */ = {isa = PBXBuildFile; fileRef = 315BC94C28C7DA5400E202B7 /* Subject+Goal.swift */; };
		31648F6428A9758200501096 /* CircularProgress in Frameworks */ = {isa = PBXBuildFile; productRef = 31648F6328A9758200501096 /* CircularProgress */; };
		31648F6628A983EE00501096 /* ClockView.swift in Sources */ = {isa = PBXBuildFile; fileRef = 31648F6528A983EE00501096 /* ClockView.swift */; };
		31648F6A28A9862800501096 /* SettingsView.swift in Sources */ = {isa = PBXBuildFile; fileRef = 31648F6928A9862800501096 /* SettingsView.swift */; };
		3189655728D8975B00A92A16 /* PlannerStoryboard.storyboard in Resources */ = {isa = PBXBuildFile; fileRef = 3189655628D8975B00A92A16 /* PlannerStoryboard.storyboard */; };
		3189655928D8977500A92A16 /* PlannerViewController.swift in Sources */ = {isa = PBXBuildFile; fileRef = 3189655828D8977500A92A16 /* PlannerViewController.swift */; };
		319EA47728AC3ECD00E660AA /* BannerAd.swift in Sources */ = {isa = PBXBuildFile; fileRef = 319EA47628AC3ECD00E660AA /* BannerAd.swift */; };
		319EA47928AC434A00E660AA /* InterstitialAd.swift in Sources */ = {isa = PBXBuildFile; fileRef = 319EA47828AC434A00E660AA /* InterstitialAd.swift */; };
		319EA48228AC55EC00E660AA /* Launch Screen.storyboard in Resources */ = {isa = PBXBuildFile; fileRef = 319EA48128AC55EC00E660AA /* Launch Screen.storyboard */; };
		31BCB6E128C67BF900B1C57E /* PlannerView.swift in Sources */ = {isa = PBXBuildFile; fileRef = 31BCB6E028C67BF900B1C57E /* PlannerView.swift */; };
		31DB6B2528AA536700989BD0 /* Localizable.strings in Resources */ = {isa = PBXBuildFile; fileRef = 31DB6B2728AA536700989BD0 /* Localizable.strings */; };
		31E3390028CBD222003C462A /* TitleView.swift in Sources */ = {isa = PBXBuildFile; fileRef = 31E338FF28CBD222003C462A /* TitleView.swift */; };
		31E3390228CBD22F003C462A /* InformationContainerView.swift in Sources */ = {isa = PBXBuildFile; fileRef = 31E3390128CBD22F003C462A /* InformationContainerView.swift */; };
		31E3390428CBD23F003C462A /* InformationDetailView.swift in Sources */ = {isa = PBXBuildFile; fileRef = 31E3390328CBD23F003C462A /* InformationDetailView.swift */; };
		31E3390628CBD28A003C462A /* Extensions+Customs.swift in Sources */ = {isa = PBXBuildFile; fileRef = 31E3390528CBD28A003C462A /* Extensions+Customs.swift */; };
		31FF1A3828A96CC80048DD49 /* PomodoroApp.swift in Sources */ = {isa = PBXBuildFile; fileRef = 31FF1A3728A96CC80048DD49 /* PomodoroApp.swift */; };
		31FF1A3A28A96CC80048DD49 /* MainView.swift in Sources */ = {isa = PBXBuildFile; fileRef = 31FF1A3928A96CC80048DD49 /* MainView.swift */; };
		31FF1A3C28A96CC90048DD49 /* Assets.xcassets in Resources */ = {isa = PBXBuildFile; fileRef = 31FF1A3B28A96CC90048DD49 /* Assets.xcassets */; };
		31FF1A3F28A96CC90048DD49 /* Preview Assets.xcassets in Resources */ = {isa = PBXBuildFile; fileRef = 31FF1A3E28A96CC90048DD49 /* Preview Assets.xcassets */; };
/* End PBXBuildFile section */

/* Begin PBXCopyFilesBuildPhase section */
		310A643328D8948900F1FC5F /* Embed ExtensionKit Extensions */ = {
			isa = PBXCopyFilesBuildPhase;
			buildActionMask = 2147483647;
			dstPath = "$(EXTENSIONS_FOLDER_PATH)";
			dstSubfolderSpec = 16;
			files = (
			);
			name = "Embed ExtensionKit Extensions";
			runOnlyForDeploymentPostprocessing = 0;
		};
		3145468E28CFA4CF00FD613A /* Embed Foundation Extensions */ = {
			isa = PBXCopyFilesBuildPhase;
			buildActionMask = 2147483647;
			dstPath = "";
			dstSubfolderSpec = 13;
			files = (
			);
			name = "Embed Foundation Extensions";
			runOnlyForDeploymentPostprocessing = 0;
		};
/* End PBXCopyFilesBuildPhase section */

/* Begin PBXFileReference section */
		310A643C28D894F600F1FC5F /* Intents.framework */ = {isa = PBXFileReference; lastKnownFileType = wrapper.framework; name = Intents.framework; path = System/Library/Frameworks/Intents.framework; sourceTree = SDKROOT; };
		310A644728D894F700F1FC5F /* IntentsUI.framework */ = {isa = PBXFileReference; lastKnownFileType = wrapper.framework; name = IntentsUI.framework; path = System/Library/Frameworks/IntentsUI.framework; sourceTree = SDKROOT; };
		311FE7A328CC8F90003D7E3D /* SplashScreenView.swift */ = {isa = PBXFileReference; fileEncoding = 4; lastKnownFileType = sourcecode.swift; path = SplashScreenView.swift; sourceTree = "<group>"; };
		311FE7A528CCB07A003D7E3D /* UIDevice+Extension.swift */ = {isa = PBXFileReference; lastKnownFileType = sourcecode.swift; path = "UIDevice+Extension.swift"; sourceTree = "<group>"; };
		3130E46628AC11B1009D6C5D /* Helpers.swift */ = {isa = PBXFileReference; lastKnownFileType = sourcecode.swift; path = Helpers.swift; sourceTree = "<group>"; };
		3130E46828AC121C009D6C5D /* NotificationPublisher.swift */ = {isa = PBXFileReference; fileEncoding = 4; lastKnownFileType = sourcecode.swift; path = NotificationPublisher.swift; sourceTree = "<group>"; };
		3145467E28CFA4CE00FD613A /* WidgetKit.framework */ = {isa = PBXFileReference; lastKnownFileType = wrapper.framework; name = WidgetKit.framework; path = System/Library/Frameworks/WidgetKit.framework; sourceTree = SDKROOT; };
		3145468028CFA4CE00FD613A /* SwiftUI.framework */ = {isa = PBXFileReference; lastKnownFileType = wrapper.framework; name = SwiftUI.framework; path = System/Library/Frameworks/SwiftUI.framework; sourceTree = SDKROOT; };
		315007E028D0FBC400FEB8E4 /* GoogleService-Info.plist */ = {isa = PBXFileReference; fileEncoding = 4; lastKnownFileType = text.plist.xml; path = "GoogleService-Info.plist"; sourceTree = "<group>"; };
		315B242428C936BE00F1C6F9 /* NewGoalView.swift */ = {isa = PBXFileReference; lastKnownFileType = sourcecode.swift; path = NewGoalView.swift; sourceTree = "<group>"; };
		315B242628C936C600F1C6F9 /* NewSubjectView.swift */ = {isa = PBXFileReference; lastKnownFileType = sourcecode.swift; path = NewSubjectView.swift; sourceTree = "<group>"; };
		315B242928C93A0B00F1C6F9 /* UserDefaults+Extension.swift */ = {isa = PBXFileReference; lastKnownFileType = sourcecode.swift; path = "UserDefaults+Extension.swift"; sourceTree = "<group>"; };
		315B242B28C9419900F1C6F9 /* UIColor+Extension.swift */ = {isa = PBXFileReference; lastKnownFileType = sourcecode.swift; path = "UIColor+Extension.swift"; sourceTree = "<group>"; };
		315BC94C28C7DA5400E202B7 /* Subject+Goal.swift */ = {isa = PBXFileReference; lastKnownFileType = sourcecode.swift; path = "Subject+Goal.swift"; sourceTree = "<group>"; };
		31648F6528A983EE00501096 /* ClockView.swift */ = {isa = PBXFileReference; lastKnownFileType = sourcecode.swift; path = ClockView.swift; sourceTree = "<group>"; };
		31648F6928A9862800501096 /* SettingsView.swift */ = {isa = PBXFileReference; lastKnownFileType = sourcecode.swift; path = SettingsView.swift; sourceTree = "<group>"; };
		31648F6B28A9925800501096 /* Focus.entitlements */ = {isa = PBXFileReference; lastKnownFileType = text.plist.entitlements; path = Focus.entitlements; sourceTree = "<group>"; };
		3189655628D8975B00A92A16 /* PlannerStoryboard.storyboard */ = {isa = PBXFileReference; lastKnownFileType = file.storyboard; path = PlannerStoryboard.storyboard; sourceTree = "<group>"; };
		3189655828D8977500A92A16 /* PlannerViewController.swift */ = {isa = PBXFileReference; lastKnownFileType = sourcecode.swift; path = PlannerViewController.swift; sourceTree = "<group>"; };
		319EA47628AC3ECD00E660AA /* BannerAd.swift */ = {isa = PBXFileReference; lastKnownFileType = sourcecode.swift; path = BannerAd.swift; sourceTree = "<group>"; };
		319EA47828AC434A00E660AA /* InterstitialAd.swift */ = {isa = PBXFileReference; lastKnownFileType = sourcecode.swift; path = InterstitialAd.swift; sourceTree = "<group>"; };
		319EA48128AC55EC00E660AA /* Launch Screen.storyboard */ = {isa = PBXFileReference; lastKnownFileType = file.storyboard; path = "Launch Screen.storyboard"; sourceTree = "<group>"; };
		31BCB6E028C67BF900B1C57E /* PlannerView.swift */ = {isa = PBXFileReference; lastKnownFileType = sourcecode.swift; path = PlannerView.swift; sourceTree = "<group>"; };
		31DB6B2628AA536700989BD0 /* en-GB */ = {isa = PBXFileReference; lastKnownFileType = text.plist.strings; name = "en-GB"; path = "en-GB.lproj/Localizable.strings"; sourceTree = "<group>"; };
		31E338FF28CBD222003C462A /* TitleView.swift */ = {isa = PBXFileReference; lastKnownFileType = sourcecode.swift; path = TitleView.swift; sourceTree = "<group>"; };
		31E3390128CBD22F003C462A /* InformationContainerView.swift */ = {isa = PBXFileReference; lastKnownFileType = sourcecode.swift; path = InformationContainerView.swift; sourceTree = "<group>"; };
		31E3390328CBD23F003C462A /* InformationDetailView.swift */ = {isa = PBXFileReference; lastKnownFileType = sourcecode.swift; path = InformationDetailView.swift; sourceTree = "<group>"; };
		31E3390528CBD28A003C462A /* Extensions+Customs.swift */ = {isa = PBXFileReference; lastKnownFileType = sourcecode.swift; path = "Extensions+Customs.swift"; sourceTree = "<group>"; };
		31FF1A3428A96CC80048DD49 /* Focus.app */ = {isa = PBXFileReference; explicitFileType = wrapper.application; includeInIndex = 0; path = Focus.app; sourceTree = BUILT_PRODUCTS_DIR; };
		31FF1A3728A96CC80048DD49 /* PomodoroApp.swift */ = {isa = PBXFileReference; lastKnownFileType = sourcecode.swift; path = PomodoroApp.swift; sourceTree = "<group>"; };
		31FF1A3928A96CC80048DD49 /* MainView.swift */ = {isa = PBXFileReference; lastKnownFileType = sourcecode.swift; path = MainView.swift; sourceTree = "<group>"; };
		31FF1A3B28A96CC90048DD49 /* Assets.xcassets */ = {isa = PBXFileReference; lastKnownFileType = folder.assetcatalog; path = Assets.xcassets; sourceTree = "<group>"; };
		31FF1A3E28A96CC90048DD49 /* Preview Assets.xcassets */ = {isa = PBXFileReference; lastKnownFileType = folder.assetcatalog; path = "Preview Assets.xcassets"; sourceTree = "<group>"; };
		4C4AA9BAE218821244653CD2 /* Pods-Pomodoro.release.xcconfig */ = {isa = PBXFileReference; includeInIndex = 1; lastKnownFileType = text.xcconfig; name = "Pods-Pomodoro.release.xcconfig"; path = "Target Support Files/Pods-Pomodoro/Pods-Pomodoro.release.xcconfig"; sourceTree = "<group>"; };
		4FADA62E754E423E73E5FEDD /* Pods-Pomodoro.debug.xcconfig */ = {isa = PBXFileReference; includeInIndex = 1; lastKnownFileType = text.xcconfig; name = "Pods-Pomodoro.debug.xcconfig"; path = "Target Support Files/Pods-Pomodoro/Pods-Pomodoro.debug.xcconfig"; sourceTree = "<group>"; };
		B66B2228D54522E2A48A9668 /* Pods_Pomodoro.framework */ = {isa = PBXFileReference; explicitFileType = wrapper.framework; includeInIndex = 0; path = Pods_Pomodoro.framework; sourceTree = BUILT_PRODUCTS_DIR; };
/* End PBXFileReference section */

/* Begin PBXFrameworksBuildPhase section */
		31FF1A3128A96CC80048DD49 /* Frameworks */ = {
			isa = PBXFrameworksBuildPhase;
			buildActionMask = 2147483647;
			files = (
				314546A228CFC22000FD613A /* AlertToast in Frameworks */,
				31648F6428A9758200501096 /* CircularProgress in Frameworks */,
				1A54ED7E79A0A8AD6DD091DF /* Pods_Pomodoro.framework in Frameworks */,
			);
			runOnlyForDeploymentPostprocessing = 0;
		};
/* End PBXFrameworksBuildPhase section */

/* Begin PBXGroup section */
		315B242828C939FC00F1C6F9 /* Extensions */ = {
			isa = PBXGroup;
			children = (
				315B242928C93A0B00F1C6F9 /* UserDefaults+Extension.swift */,
				315B242B28C9419900F1C6F9 /* UIColor+Extension.swift */,
				311FE7A528CCB07A003D7E3D /* UIDevice+Extension.swift */,
			);
			path = Extensions;
			sourceTree = "<group>";
		};
		319EA47528AC3EBE00E660AA /* AdMob */ = {
			isa = PBXGroup;
			children = (
				319EA47628AC3ECD00E660AA /* BannerAd.swift */,
				319EA47828AC434A00E660AA /* InterstitialAd.swift */,
			);
			path = AdMob;
			sourceTree = "<group>";
		};
		319EA47E28AC539E00E660AA /* Views */ = {
			isa = PBXGroup;
			children = (
				31E338FE28CBD21A003C462A /* Splash Screen */,
				31D049BE28C6817400454441 /* Planner */,
				31D049BD28C6816C00454441 /* Timer */,
			);
			path = Views;
			sourceTree = "<group>";
		};
		319EA47F28AC53B400E660AA /* Models */ = {
			isa = PBXGroup;
			children = (
				3130E46828AC121C009D6C5D /* NotificationPublisher.swift */,
				315BC94C28C7DA5400E202B7 /* Subject+Goal.swift */,
			);
			path = Models;
			sourceTree = "<group>";
		};
		319EA48028AC53D200E660AA /* Miscellaneous */ = {
			isa = PBXGroup;
			children = (
				319EA48128AC55EC00E660AA /* Launch Screen.storyboard */,
				31FF1A3728A96CC80048DD49 /* PomodoroApp.swift */,
				31FF1A3B28A96CC90048DD49 /* Assets.xcassets */,
				31FF1A3D28A96CC90048DD49 /* Preview Content */,
				31DB6B2728AA536700989BD0 /* Localizable.strings */,
				3130E46628AC11B1009D6C5D /* Helpers.swift */,
			);
			path = Miscellaneous;
			sourceTree = "<group>";
		};
		31D049BD28C6816C00454441 /* Timer */ = {
			isa = PBXGroup;
			children = (
				31FF1A3928A96CC80048DD49 /* MainView.swift */,
				31648F6528A983EE00501096 /* ClockView.swift */,
				31648F6928A9862800501096 /* SettingsView.swift */,
			);
			path = Timer;
			sourceTree = "<group>";
		};
		31D049BE28C6817400454441 /* Planner */ = {
			isa = PBXGroup;
			children = (
				31BCB6E028C67BF900B1C57E /* PlannerView.swift */,
				315B242428C936BE00F1C6F9 /* NewGoalView.swift */,
				315B242628C936C600F1C6F9 /* NewSubjectView.swift */,
				3189655628D8975B00A92A16 /* PlannerStoryboard.storyboard */,
				3189655828D8977500A92A16 /* PlannerViewController.swift */,
			);
			path = Planner;
			sourceTree = "<group>";
		};
		31E338FE28CBD21A003C462A /* Splash Screen */ = {
			isa = PBXGroup;
			children = (
				311FE7A328CC8F90003D7E3D /* SplashScreenView.swift */,
				31E338FF28CBD222003C462A /* TitleView.swift */,
				31E3390128CBD22F003C462A /* InformationContainerView.swift */,
				31E3390328CBD23F003C462A /* InformationDetailView.swift */,
				31E3390528CBD28A003C462A /* Extensions+Customs.swift */,
			);
			path = "Splash Screen";
			sourceTree = "<group>";
		};
		31FF1A2B28A96CC80048DD49 = {
			isa = PBXGroup;
			children = (
				31FF1A3628A96CC80048DD49 /* Focus */,
				31FF1A3528A96CC80048DD49 /* Products */,
				4C375380E6F44F99003E7777 /* Pods */,
				8044332D29909F7875D75A53 /* Frameworks */,
			);
			sourceTree = "<group>";
		};
		31FF1A3528A96CC80048DD49 /* Products */ = {
			isa = PBXGroup;
			children = (
				31FF1A3428A96CC80048DD49 /* Focus.app */,
			);
			name = Products;
			sourceTree = "<group>";
		};
		31FF1A3628A96CC80048DD49 /* Focus */ = {
			isa = PBXGroup;
			children = (
				315007E028D0FBC400FEB8E4 /* GoogleService-Info.plist */,
				315B242828C939FC00F1C6F9 /* Extensions */,
				31648F6B28A9925800501096 /* Focus.entitlements */,
				319EA48028AC53D200E660AA /* Miscellaneous */,
				319EA47F28AC53B400E660AA /* Models */,
				319EA47E28AC539E00E660AA /* Views */,
				319EA47528AC3EBE00E660AA /* AdMob */,
			);
			path = Focus;
			sourceTree = "<group>";
		};
		31FF1A3D28A96CC90048DD49 /* Preview Content */ = {
			isa = PBXGroup;
			children = (
				31FF1A3E28A96CC90048DD49 /* Preview Assets.xcassets */,
			);
			path = "Preview Content";
			sourceTree = "<group>";
		};
		4C375380E6F44F99003E7777 /* Pods */ = {
			isa = PBXGroup;
			children = (
				4FADA62E754E423E73E5FEDD /* Pods-Pomodoro.debug.xcconfig */,
				4C4AA9BAE218821244653CD2 /* Pods-Pomodoro.release.xcconfig */,
			);
			path = Pods;
			sourceTree = "<group>";
		};
		8044332D29909F7875D75A53 /* Frameworks */ = {
			isa = PBXGroup;
			children = (
				B66B2228D54522E2A48A9668 /* Pods_Pomodoro.framework */,
				3145467E28CFA4CE00FD613A /* WidgetKit.framework */,
				3145468028CFA4CE00FD613A /* SwiftUI.framework */,
				310A643C28D894F600F1FC5F /* Intents.framework */,
				310A644728D894F700F1FC5F /* IntentsUI.framework */,
			);
			name = Frameworks;
			sourceTree = "<group>";
		};
/* End PBXGroup section */

/* Begin PBXNativeTarget section */
		31FF1A3328A96CC80048DD49 /* Focus */ = {
			isa = PBXNativeTarget;
			buildConfigurationList = 31FF1A4228A96CC90048DD49 /* Build configuration list for PBXNativeTarget "Focus" */;
			buildPhases = (
				2F90BA6D6946F7ECF705F9DF /* [CP] Check Pods Manifest.lock */,
				31FF1A3028A96CC80048DD49 /* Sources */,
				31FF1A3128A96CC80048DD49 /* Frameworks */,
				31FF1A3228A96CC80048DD49 /* Resources */,
				534F14EBE8686C9CC9033501 /* [CP] Embed Pods Frameworks */,
				3145468E28CFA4CF00FD613A /* Embed Foundation Extensions */,
				310A643328D8948900F1FC5F /* Embed ExtensionKit Extensions */,
			);
			buildRules = (
			);
			dependencies = (
			);
			name = Focus;
			packageProductDependencies = (
				31648F6328A9758200501096 /* CircularProgress */,
				314546A128CFC22000FD613A /* AlertToast */,
			);
			productName = Pomodoro;
			productReference = 31FF1A3428A96CC80048DD49 /* Focus.app */;
			productType = "com.apple.product-type.application";
		};
/* End PBXNativeTarget section */

/* Begin PBXProject section */
		31FF1A2C28A96CC80048DD49 /* Project object */ = {
			isa = PBXProject;
			attributes = {
				BuildIndependentTargetsInParallel = 1;
				LastSwiftUpdateCheck = 1400;
				LastUpgradeCheck = 1400;
				TargetAttributes = {
					31FF1A3328A96CC80048DD49 = {
						CreatedOnToolsVersion = 14.0;
					};
				};
			};
			buildConfigurationList = 31FF1A2F28A96CC80048DD49 /* Build configuration list for PBXProject "Focus" */;
			compatibilityVersion = "Xcode 14.0";
			developmentRegion = en;
			hasScannedForEncodings = 0;
			knownRegions = (
				en,
				Base,
				"en-GB",
			);
			mainGroup = 31FF1A2B28A96CC80048DD49;
			packageReferences = (
				31648F6228A9758200501096 /* XCRemoteSwiftPackageReference "CircularProgressSwiftUI" */,
				314546A028CFC22000FD613A /* XCRemoteSwiftPackageReference "AlertToast" */,
			);
			productRefGroup = 31FF1A3528A96CC80048DD49 /* Products */;
			projectDirPath = "";
			projectRoot = "";
			targets = (
				31FF1A3328A96CC80048DD49 /* Focus */,
			);
		};
/* End PBXProject section */

/* Begin PBXResourcesBuildPhase section */
		31FF1A3228A96CC80048DD49 /* Resources */ = {
			isa = PBXResourcesBuildPhase;
			buildActionMask = 2147483647;
			files = (
				3189655728D8975B00A92A16 /* PlannerStoryboard.storyboard in Resources */,
				315007E128D0FBC400FEB8E4 /* GoogleService-Info.plist in Resources */,
				31FF1A3F28A96CC90048DD49 /* Preview Assets.xcassets in Resources */,
				31DB6B2528AA536700989BD0 /* Localizable.strings in Resources */,
				319EA48228AC55EC00E660AA /* Launch Screen.storyboard in Resources */,
				31FF1A3C28A96CC90048DD49 /* Assets.xcassets in Resources */,
			);
			runOnlyForDeploymentPostprocessing = 0;
		};
/* End PBXResourcesBuildPhase section */

/* Begin PBXShellScriptBuildPhase section */
		2F90BA6D6946F7ECF705F9DF /* [CP] Check Pods Manifest.lock */ = {
			isa = PBXShellScriptBuildPhase;
			buildActionMask = 2147483647;
			files = (
			);
			inputFileListPaths = (
			);
			inputPaths = (
				"${PODS_PODFILE_DIR_PATH}/Podfile.lock",
				"${PODS_ROOT}/Manifest.lock",
			);
			name = "[CP] Check Pods Manifest.lock";
			outputFileListPaths = (
			);
			outputPaths = (
				"$(DERIVED_FILE_DIR)/Pods-Pomodoro-checkManifestLockResult.txt",
			);
			runOnlyForDeploymentPostprocessing = 0;
			shellPath = /bin/sh;
			shellScript = "diff \"${PODS_PODFILE_DIR_PATH}/Podfile.lock\" \"${PODS_ROOT}/Manifest.lock\" > /dev/null\nif [ $? != 0 ] ; then\n    # print error to STDERR\n    echo \"error: The sandbox is not in sync with the Podfile.lock. Run 'pod install' or update your CocoaPods installation.\" >&2\n    exit 1\nfi\n# This output is used by Xcode 'outputs' to avoid re-running this script phase.\necho \"SUCCESS\" > \"${SCRIPT_OUTPUT_FILE_0}\"\n";
			showEnvVarsInLog = 0;
		};
		534F14EBE8686C9CC9033501 /* [CP] Embed Pods Frameworks */ = {
			isa = PBXShellScriptBuildPhase;
			buildActionMask = 2147483647;
			files = (
			);
			inputFileListPaths = (
				"${PODS_ROOT}/Target Support Files/Pods-Pomodoro/Pods-Pomodoro-frameworks-${CONFIGURATION}-input-files.xcfilelist",
			);
			name = "[CP] Embed Pods Frameworks";
			outputFileListPaths = (
				"${PODS_ROOT}/Target Support Files/Pods-Pomodoro/Pods-Pomodoro-frameworks-${CONFIGURATION}-output-files.xcfilelist",
			);
			runOnlyForDeploymentPostprocessing = 0;
			shellPath = /bin/sh;
			shellScript = "\"${PODS_ROOT}/Target Support Files/Pods-Pomodoro/Pods-Pomodoro-frameworks.sh\"\n";
			showEnvVarsInLog = 0;
		};
/* End PBXShellScriptBuildPhase section */

/* Begin PBXSourcesBuildPhase section */
		31FF1A3028A96CC80048DD49 /* Sources */ = {
			isa = PBXSourcesBuildPhase;
			buildActionMask = 2147483647;
			files = (
				31648F6A28A9862800501096 /* SettingsView.swift in Sources */,
				311FE7A628CCB07A003D7E3D /* UIDevice+Extension.swift in Sources */,
				3130E46728AC11B1009D6C5D /* Helpers.swift in Sources */,
				31FF1A3A28A96CC80048DD49 /* MainView.swift in Sources */,
				315B242528C936BE00F1C6F9 /* NewGoalView.swift in Sources */,
				3130E46928AC121C009D6C5D /* NotificationPublisher.swift in Sources */,
				319EA47928AC434A00E660AA /* InterstitialAd.swift in Sources */,
				31BCB6E128C67BF900B1C57E /* PlannerView.swift in Sources */,
				311FE7A428CC8F90003D7E3D /* SplashScreenView.swift in Sources */,
				315B242C28C9419900F1C6F9 /* UIColor+Extension.swift in Sources */,
				315BC94D28C7DA5400E202B7 /* Subject+Goal.swift in Sources */,
				315B242728C936C600F1C6F9 /* NewSubjectView.swift in Sources */,
				315B242A28C93A0B00F1C6F9 /* UserDefaults+Extension.swift in Sources */,
				31E3390428CBD23F003C462A /* InformationDetailView.swift in Sources */,
				31E3390028CBD222003C462A /* TitleView.swift in Sources */,
				319EA47728AC3ECD00E660AA /* BannerAd.swift in Sources */,
				31648F6628A983EE00501096 /* ClockView.swift in Sources */,
				31E3390628CBD28A003C462A /* Extensions+Customs.swift in Sources */,
				3189655928D8977500A92A16 /* PlannerViewController.swift in Sources */,
				31FF1A3828A96CC80048DD49 /* PomodoroApp.swift in Sources */,
				31E3390228CBD22F003C462A /* InformationContainerView.swift in Sources */,
			);
			runOnlyForDeploymentPostprocessing = 0;
		};
/* End PBXSourcesBuildPhase section */

/* Begin PBXVariantGroup section */
		31DB6B2728AA536700989BD0 /* Localizable.strings */ = {
			isa = PBXVariantGroup;
			children = (
				31DB6B2628AA536700989BD0 /* en-GB */,
			);
			name = Localizable.strings;
			sourceTree = "<group>";
		};
/* End PBXVariantGroup section */

/* Begin XCBuildConfiguration section */
		31FF1A4028A96CC90048DD49 /* Debug */ = {
			isa = XCBuildConfiguration;
			buildSettings = {
				ALWAYS_SEARCH_USER_PATHS = NO;
				CLANG_ANALYZER_NONNULL = YES;
				CLANG_ANALYZER_NUMBER_OBJECT_CONVERSION = YES_AGGRESSIVE;
				CLANG_CXX_LANGUAGE_STANDARD = "gnu++20";
				CLANG_ENABLE_MODULES = YES;
				CLANG_ENABLE_OBJC_ARC = YES;
				CLANG_ENABLE_OBJC_WEAK = YES;
				CLANG_WARN_BLOCK_CAPTURE_AUTORELEASING = YES;
				CLANG_WARN_BOOL_CONVERSION = YES;
				CLANG_WARN_COMMA = YES;
				CLANG_WARN_CONSTANT_CONVERSION = YES;
				CLANG_WARN_DEPRECATED_OBJC_IMPLEMENTATIONS = YES;
				CLANG_WARN_DIRECT_OBJC_ISA_USAGE = YES_ERROR;
				CLANG_WARN_DOCUMENTATION_COMMENTS = YES;
				CLANG_WARN_EMPTY_BODY = YES;
				CLANG_WARN_ENUM_CONVERSION = YES;
				CLANG_WARN_INFINITE_RECURSION = YES;
				CLANG_WARN_INT_CONVERSION = YES;
				CLANG_WARN_NON_LITERAL_NULL_CONVERSION = YES;
				CLANG_WARN_OBJC_IMPLICIT_RETAIN_SELF = YES;
				CLANG_WARN_OBJC_LITERAL_CONVERSION = YES;
				CLANG_WARN_OBJC_ROOT_CLASS = YES_ERROR;
				CLANG_WARN_QUOTED_INCLUDE_IN_FRAMEWORK_HEADER = YES;
				CLANG_WARN_RANGE_LOOP_ANALYSIS = YES;
				CLANG_WARN_STRICT_PROTOTYPES = YES;
				CLANG_WARN_SUSPICIOUS_MOVE = YES;
				CLANG_WARN_UNGUARDED_AVAILABILITY = YES_AGGRESSIVE;
				CLANG_WARN_UNREACHABLE_CODE = YES;
				CLANG_WARN__DUPLICATE_METHOD_MATCH = YES;
				CODE_SIGN_ENTITLEMENTS = /Volumes/Development/App/Pomodoro/Focus/Pomodoro.entitlements;
				COPY_PHASE_STRIP = NO;
				DEBUG_INFORMATION_FORMAT = dwarf;
				ENABLE_STRICT_OBJC_MSGSEND = YES;
				ENABLE_TESTABILITY = YES;
				GCC_C_LANGUAGE_STANDARD = gnu11;
				GCC_DYNAMIC_NO_PIC = NO;
				GCC_NO_COMMON_BLOCKS = YES;
				GCC_OPTIMIZATION_LEVEL = 0;
				GCC_PREPROCESSOR_DEFINITIONS = (
					"DEBUG=1",
					"$(inherited)",
				);
				GCC_WARN_64_TO_32_BIT_CONVERSION = YES;
				GCC_WARN_ABOUT_RETURN_TYPE = YES_ERROR;
				GCC_WARN_UNDECLARED_SELECTOR = YES;
				GCC_WARN_UNINITIALIZED_AUTOS = YES_AGGRESSIVE;
				GCC_WARN_UNUSED_FUNCTION = YES;
				GCC_WARN_UNUSED_VARIABLE = YES;
				IPHONEOS_DEPLOYMENT_TARGET = 15.0;
				MTL_ENABLE_DEBUG_INFO = INCLUDE_SOURCE;
				MTL_FAST_MATH = YES;
				ONLY_ACTIVE_ARCH = YES;
				SDKROOT = iphoneos;
				SWIFT_ACTIVE_COMPILATION_CONDITIONS = DEBUG;
				SWIFT_OPTIMIZATION_LEVEL = "-Onone";
			};
			name = Debug;
		};
		31FF1A4128A96CC90048DD49 /* Release */ = {
			isa = XCBuildConfiguration;
			buildSettings = {
				ALWAYS_SEARCH_USER_PATHS = NO;
				CLANG_ANALYZER_NONNULL = YES;
				CLANG_ANALYZER_NUMBER_OBJECT_CONVERSION = YES_AGGRESSIVE;
				CLANG_CXX_LANGUAGE_STANDARD = "gnu++20";
				CLANG_ENABLE_MODULES = YES;
				CLANG_ENABLE_OBJC_ARC = YES;
				CLANG_ENABLE_OBJC_WEAK = YES;
				CLANG_WARN_BLOCK_CAPTURE_AUTORELEASING = YES;
				CLANG_WARN_BOOL_CONVERSION = YES;
				CLANG_WARN_COMMA = YES;
				CLANG_WARN_CONSTANT_CONVERSION = YES;
				CLANG_WARN_DEPRECATED_OBJC_IMPLEMENTATIONS = YES;
				CLANG_WARN_DIRECT_OBJC_ISA_USAGE = YES_ERROR;
				CLANG_WARN_DOCUMENTATION_COMMENTS = YES;
				CLANG_WARN_EMPTY_BODY = YES;
				CLANG_WARN_ENUM_CONVERSION = YES;
				CLANG_WARN_INFINITE_RECURSION = YES;
				CLANG_WARN_INT_CONVERSION = YES;
				CLANG_WARN_NON_LITERAL_NULL_CONVERSION = YES;
				CLANG_WARN_OBJC_IMPLICIT_RETAIN_SELF = YES;
				CLANG_WARN_OBJC_LITERAL_CONVERSION = YES;
				CLANG_WARN_OBJC_ROOT_CLASS = YES_ERROR;
				CLANG_WARN_QUOTED_INCLUDE_IN_FRAMEWORK_HEADER = YES;
				CLANG_WARN_RANGE_LOOP_ANALYSIS = YES;
				CLANG_WARN_STRICT_PROTOTYPES = YES;
				CLANG_WARN_SUSPICIOUS_MOVE = YES;
				CLANG_WARN_UNGUARDED_AVAILABILITY = YES_AGGRESSIVE;
				CLANG_WARN_UNREACHABLE_CODE = YES;
				CLANG_WARN__DUPLICATE_METHOD_MATCH = YES;
				CODE_SIGN_ENTITLEMENTS = /Volumes/Development/App/Pomodoro/Focus/Pomodoro.entitlements;
				COPY_PHASE_STRIP = NO;
				DEBUG_INFORMATION_FORMAT = "dwarf-with-dsym";
				ENABLE_NS_ASSERTIONS = NO;
				ENABLE_STRICT_OBJC_MSGSEND = YES;
				GCC_C_LANGUAGE_STANDARD = gnu11;
				GCC_NO_COMMON_BLOCKS = YES;
				GCC_WARN_64_TO_32_BIT_CONVERSION = YES;
				GCC_WARN_ABOUT_RETURN_TYPE = YES_ERROR;
				GCC_WARN_UNDECLARED_SELECTOR = YES;
				GCC_WARN_UNINITIALIZED_AUTOS = YES_AGGRESSIVE;
				GCC_WARN_UNUSED_FUNCTION = YES;
				GCC_WARN_UNUSED_VARIABLE = YES;
				IPHONEOS_DEPLOYMENT_TARGET = 15.0;
				MTL_ENABLE_DEBUG_INFO = NO;
				MTL_FAST_MATH = YES;
				SDKROOT = iphoneos;
				SWIFT_COMPILATION_MODE = wholemodule;
				SWIFT_OPTIMIZATION_LEVEL = "-O";
				VALIDATE_PRODUCT = YES;
			};
			name = Release;
		};
		31FF1A4328A96CC90048DD49 /* Debug */ = {
			isa = XCBuildConfiguration;
			baseConfigurationReference = 4FADA62E754E423E73E5FEDD /* Pods-Pomodoro.debug.xcconfig */;
			buildSettings = {
				ALWAYS_EMBED_SWIFT_STANDARD_LIBRARIES = YES;
				ASSETCATALOG_COMPILER_APPICON_NAME = AppIcon;
				ASSETCATALOG_COMPILER_GLOBAL_ACCENT_COLOR_NAME = AccentColor;
				CODE_SIGN_ENTITLEMENTS = Focus/Focus.entitlements;
				CODE_SIGN_STYLE = Automatic;
				CURRENT_PROJECT_VERSION = 1;
				DEVELOPMENT_ASSET_PATHS = "\"Focus/Miscellaneous/Preview Content\"";
				DEVELOPMENT_TEAM = 76V43E9CWT;
				ENABLE_PREVIEWS = YES;
				GENERATE_INFOPLIST_FILE = YES;
				INFOPLIST_FILE = Focus/Info.plist;
				INFOPLIST_KEY_CFBundleDisplayName = Focus;
				INFOPLIST_KEY_LSApplicationCategoryType = "public.app-category.education";
				INFOPLIST_KEY_NSUserTrackingUsageDescription = "This will be used to present adverts tailored to your interests.";
				INFOPLIST_KEY_UIApplicationSceneManifest_Generation = YES;
				INFOPLIST_KEY_UIApplicationSupportsIndirectInputEvents = YES;
				INFOPLIST_KEY_UILaunchScreen_Generation = YES;
				INFOPLIST_KEY_UILaunchStoryboardName = "Launch Screen.storyboard";
				INFOPLIST_KEY_UIRequiresFullScreen = YES;
				INFOPLIST_KEY_UISupportedInterfaceOrientations = "UIInterfaceOrientationPortrait UIInterfaceOrientationPortraitUpsideDown";
				INFOPLIST_KEY_UISupportedInterfaceOrientations_iPad = "UIInterfaceOrientationLandscapeLeft UIInterfaceOrientationLandscapeRight UIInterfaceOrientationPortrait UIInterfaceOrientationPortraitUpsideDown";
				LD_RUNPATH_SEARCH_PATHS = (
					"$(inherited)",
					"@executable_path/Frameworks",
				);
				MARKETING_VERSION = 2.0.3;
				OTHER_LDFLAGS = (
					"$(inherited)",
					"-ObjC",
				);
				PRODUCT_BUNDLE_IDENTIFIER = com.Alfie.Pomodoro;
				PRODUCT_NAME = "$(TARGET_NAME)";
				SUPPORTED_PLATFORMS = "iphoneos iphonesimulator";
				SUPPORTS_MACCATALYST = NO;
				SUPPORTS_MAC_DESIGNED_FOR_IPHONE_IPAD = NO;
				SWIFT_EMIT_LOC_STRINGS = YES;
				SWIFT_VERSION = 5.0;
				TARGETED_DEVICE_FAMILY = "1,2";
			};
			name = Debug;
		};
		31FF1A4428A96CC90048DD49 /* Release */ = {
			isa = XCBuildConfiguration;
			baseConfigurationReference = 4C4AA9BAE218821244653CD2 /* Pods-Pomodoro.release.xcconfig */;
			buildSettings = {
				ALWAYS_EMBED_SWIFT_STANDARD_LIBRARIES = YES;
				ASSETCATALOG_COMPILER_APPICON_NAME = AppIcon;
				ASSETCATALOG_COMPILER_GLOBAL_ACCENT_COLOR_NAME = AccentColor;
				CODE_SIGN_ENTITLEMENTS = Focus/Focus.entitlements;
				CODE_SIGN_STYLE = Automatic;
				CURRENT_PROJECT_VERSION = 1;
				DEVELOPMENT_ASSET_PATHS = "\"Focus/Miscellaneous/Preview Content\"";
				DEVELOPMENT_TEAM = 76V43E9CWT;
				ENABLE_PREVIEWS = YES;
				GENERATE_INFOPLIST_FILE = YES;
				INFOPLIST_FILE = Focus/Info.plist;
				INFOPLIST_KEY_CFBundleDisplayName = Focus;
				INFOPLIST_KEY_LSApplicationCategoryType = "public.app-category.education";
				INFOPLIST_KEY_NSUserTrackingUsageDescription = "This will be used to present adverts tailored to your interests.";
				INFOPLIST_KEY_UIApplicationSceneManifest_Generation = YES;
				INFOPLIST_KEY_UIApplicationSupportsIndirectInputEvents = YES;
				INFOPLIST_KEY_UILaunchScreen_Generation = YES;
				INFOPLIST_KEY_UILaunchStoryboardName = "Launch Screen.storyboard";
				INFOPLIST_KEY_UIRequiresFullScreen = YES;
				INFOPLIST_KEY_UISupportedInterfaceOrientations = "UIInterfaceOrientationPortrait UIInterfaceOrientationPortraitUpsideDown";
				INFOPLIST_KEY_UISupportedInterfaceOrientations_iPad = "UIInterfaceOrientationLandscapeLeft UIInterfaceOrientationLandscapeRight UIInterfaceOrientationPortrait UIInterfaceOrientationPortraitUpsideDown";
				LD_RUNPATH_SEARCH_PATHS = (
					"$(inherited)",
					"@executable_path/Frameworks",
				);
				MARKETING_VERSION = 2.0.3;
				PRODUCT_BUNDLE_IDENTIFIER = com.Alfie.Pomodoro;
				PRODUCT_NAME = "$(TARGET_NAME)";
				SUPPORTED_PLATFORMS = "iphoneos iphonesimulator";
				SUPPORTS_MACCATALYST = NO;
				SUPPORTS_MAC_DESIGNED_FOR_IPHONE_IPAD = NO;
				SWIFT_EMIT_LOC_STRINGS = YES;
				SWIFT_VERSION = 5.0;
				TARGETED_DEVICE_FAMILY = "1,2";
			};
			name = Release;
		};
/* End XCBuildConfiguration section */

/* Begin XCConfigurationList section */
		31FF1A2F28A96CC80048DD49 /* Build configuration list for PBXProject "Focus" */ = {
			isa = XCConfigurationList;
			buildConfigurations = (
				31FF1A4028A96CC90048DD49 /* Debug */,
				31FF1A4128A96CC90048DD49 /* Release */,
			);
			defaultConfigurationIsVisible = 0;
			defaultConfigurationName = Release;
		};
		31FF1A4228A96CC90048DD49 /* Build configuration list for PBXNativeTarget "Focus" */ = {
			isa = XCConfigurationList;
			buildConfigurations = (
				31FF1A4328A96CC90048DD49 /* Debug */,
				31FF1A4428A96CC90048DD49 /* Release */,
			);
			defaultConfigurationIsVisible = 0;
			defaultConfigurationName = Release;
		};
/* End XCConfigurationList section */

/* Begin XCRemoteSwiftPackageReference section */
		314546A028CFC22000FD613A /* XCRemoteSwiftPackageReference "AlertToast" */ = {
			isa = XCRemoteSwiftPackageReference;
			repositoryURL = "https://github.com/elai950/AlertToast";
			requirement = {
				kind = upToNextMajorVersion;
				minimumVersion = 1.0.0;
			};
		};
		31648F6228A9758200501096 /* XCRemoteSwiftPackageReference "CircularProgressSwiftUI" */ = {
			isa = XCRemoteSwiftPackageReference;
			repositoryURL = "https://github.com/ArnavMotwani/CircularProgressSwiftUI";
			requirement = {
				kind = upToNextMajorVersion;
				minimumVersion = 1.0.0;
			};
		};
/* End XCRemoteSwiftPackageReference section */

/* Begin XCSwiftPackageProductDependency section */
		314546A128CFC22000FD613A /* AlertToast */ = {
			isa = XCSwiftPackageProductDependency;
			package = 314546A028CFC22000FD613A /* XCRemoteSwiftPackageReference "AlertToast" */;
			productName = AlertToast;
		};
		31648F6328A9758200501096 /* CircularProgress */ = {
			isa = XCSwiftPackageProductDependency;
			package = 31648F6228A9758200501096 /* XCRemoteSwiftPackageReference "CircularProgressSwiftUI" */;
			productName = CircularProgress;
		};
/* End XCSwiftPackageProductDependency section */
	};
	rootObject = 31FF1A2C28A96CC80048DD49 /* Project object */;
}
